<?xml version="1.0" encoding="utf-8"?>
<Project ToolsVersion="4.0" xmlns="http://schemas.microsoft.com/developer/msbuild/2003">
  <ItemGroup>
    <Filter Include="Source Files">
      <UniqueIdentifier>{4FC737F1-C7A5-4376-A066-2A32D752A2FF}</UniqueIdentifier>
      <Extensions>cpp;c;cxx;def;odl;idl;hpj;bat;asm;asmx</Extensions>
    </Filter>
    <Filter Include="Resource Files">
      <UniqueIdentifier>{67DA6AB6-F800-4c08-8B7A-83BB121AAD01}</UniqueIdentifier>
      <Extensions>rc;ico;cur;bmp;dlg;rc2;rct;bin;rgs;gif;jpg;jpeg;jpe;resx</Extensions>
    </Filter>
    <Filter Include="glew">
      <UniqueIdentifier>{b29c7ac2-9b29-4f70-8509-d182428e5b07}</UniqueIdentifier>
    </Filter>
    <Filter Include="glfw">
      <UniqueIdentifier>{3bb0c4f2-2ed2-4d80-a637-c93a2a243072}</UniqueIdentifier>
    </Filter>
  </ItemGroup>
  <ItemGroup>
    <ClCompile Include="MatrixUtils.cpp">
      <Filter>Source Files</Filter>
    </ClCompile>
    <ClCompile Include="SetUpLayers.cpp">
      <Filter>Source Files</Filter>
    </ClCompile>
    <ClCompile Include="QuadRendering.cpp">
      <Filter>Source Files</Filter>
    </ClCompile>
    <ClCompile Include="RenderToTexture.cpp">
      <Filter>Source Files</Filter>
    </ClCompile>
    <ClCompile Include="main.cpp">
      <Filter>Source Files</Filter>
    </ClCompile>
    <ClCompile Include="SampleApp.cpp">
      <Filter>Source Files</Filter>
    </ClCompile>
    <ClCompile Include="..\..\third-party\glew\src\glew.cpp">
      <Filter>glew</Filter>
    </ClCompile>
    <ClCompile Include="..\..\third-party\glfw\src\monitor.c">
      <Filter>glfw</Filter>
    </ClCompile>
    <ClCompile Include="..\..\third-party\glfw\src\osmesa_context.c">
      <Filter>glfw</Filter>
    </ClCompile>
    <ClCompile Include="..\..\third-party\glfw\src\vulkan.c">
      <Filter>glfw</Filter>
    </ClCompile>
    <ClCompile Include="..\..\third-party\glfw\src\wgl_context.c">
      <Filter>glfw</Filter>
    </ClCompile>
    <ClCompile Include="..\..\third-party\glfw\src\win32_init.c">
      <Filter>glfw</Filter>
    </ClCompile>
    <ClCompile Include="..\..\third-party\glfw\src\win32_joystick.c">
      <Filter>glfw</Filter>
    </ClCompile>
    <ClCompile Include="..\..\third-party\glfw\src\win32_monitor.c">
      <Filter>glfw</Filter>
    </ClCompile>
    <ClCompile Include="..\..\third-party\glfw\src\win32_time.c">
      <Filter>glfw</Filter>
    </ClCompile>
    <ClCompile Include="..\..\third-party\glfw\src\win32_window.c">
      <Filter>glfw</Filter>
    </ClCompile>
    <ClCompile Include="..\..\third-party\glfw\src\window.c">
      <Filter>glfw</Filter>
    </ClCompile>
    <ClCompile Include="..\..\third-party\glfw\src\context.c">
      <Filter>glfw</Filter>
    </ClCompile>
    <ClCompile Include="..\..\third-party\glfw\src\egl_context.c">
      <Filter>glfw</Filter>
    </ClCompile>
    <ClCompile Include="..\..\third-party\glfw\src\init.c">
      <Filter>glfw</Filter>
    </ClCompile>
    <ClCompile Include="..\..\third-party\glfw\src\input.c">
      <Filter>glfw</Filter>
    </ClCompile>
    <ClCompile Include="..\..\third-party\glfw\src\win32_thread.c">
      <Filter>glfw</Filter>
    </ClCompile>
    <ClCompile Include="DrawStrategy.cpp">
      <Filter>Source Files</Filter>
    </ClCompile>
    <ClCompile Include="DrawDeferredSingleThreaded.cpp">
      <Filter>Source Files</Filter>
    </ClCompile>
    <ClCompile Include="DrawImmediateSingleThreaded.cpp">
      <Filter>Source Files</Filter>
    </ClCompile>
    <ClCompile Include="DrawDeferredMultiThreaded.cpp">
      <Filter>Source Files</Filter>
    </ClCompile>
  </ItemGroup>
  <ItemGroup>
    <None Include="ReadMe.txt" />
  </ItemGroup>
  <ItemGroup>
    <ClInclude Include="MatrixUtils.h">
      <Filter>Source Files</Filter>
    </ClInclude>
    <ClInclude Include="SetUpLayers.h">
      <Filter>Source Files</Filter>
    </ClInclude>
    <ClInclude Include="QuadRendering.h">
      <Filter>Source Files</Filter>
    </ClInclude>
    <ClInclude Include="RenderToTexture.h">
      <Filter>Source Files</Filter>
    </ClInclude>
    <ClInclude Include="SampleAssert.h">
      <Filter>Source Files</Filter>
    </ClInclude>
    <ClInclude Include="SampleApp.h">
      <Filter>Source Files</Filter>
    </ClInclude>
    <ClInclude Include="DrawStrategy.h">
      <Filter>Source Files</Filter>
    </ClInclude>
    <ClInclude Include="DrawDeferredSingleThreaded.h">
      <Filter>Source Files</Filter>
    </ClInclude>
    <ClInclude Include="DrawImmediateSingleThreaded.h">
      <Filter>Source Files</Filter>
    </ClInclude>
    <ClInclude Include="DrawDeferredMultiThreaded.h">
      <Filter>Source Files</Filter>
    </ClInclude>
  </ItemGroup>
</Project>